
Microsoft Visual Studio Solution File, Format Version 12.00
# Visual Studio Version 17
VisualStudioVersion = 17.8.34330.188
MinimumVisualStudioVersion = 10.0.40219.1
Project("{FAE04EC0-301F-11D3-BF4B-00C04F79EFBC}") = "try2insha2allah", "try2insha2allah\try2insha2allah.csproj", "{2B068EA8-BB0D-420A-9A13-45538B54FB04}"
EndProject
Global
	GlobalSection(SolutionConfigurationPlatforms) = preSolution
		Debug|Any CPU = Debug|Any CPU
		Release|Any CPU = Release|Any CPU
	EndGlobalSection
	GlobalSection(ProjectConfigurationPlatforms) = postSolution
		{2B068EA8-BB0D-420A-9A13-45538B54FB04}.Debug|Any CPU.ActiveCfg = Debug|Any CPU
		{2B068EA8-BB0D-420A-9A13-45538B54FB04}.Debug|Any CPU.Build.0 = Debug|Any CPU
		{2B068EA8-BB0D-420A-9A13-45538B54FB04}.Release|Any CPU.ActiveCfg = Release|Any CPU
		{2B068EA8-BB0D-420A-9A13-45538B54FB04}.Release|Any CPU.Build.0 = Release|Any CPU
	EndGlobalSection
	GlobalSection(SolutionProperties) = preSolution
		HideSolutionNode = FALSE
	EndGlobalSection
	GlobalSection(ExtensibilityGlobals) = postSolution
		SolutionGuid = {417E4886-2363-4021-B691-A24B258A89CA}
	EndGlobalSection
EndGlobal
